NeoBundleLock ctrlp.vim 3866ae170a342fb40d83e1538c37c81c7977b821
NeoBundleLock neobundle.vim 1306c131ff0a6cc094b7ff0727350e442b5427f1
NeoBundleLock neosnippet-snippets 7448233dfd40e7f0a1075fefa76d1d5a84e5d28a
NeoBundleLock neosnippet.vim 30b6b53b7a86b84371714b4a0f092d5d303c4a35
NeoBundleLock nerdtree 14af89743ac1c31ff9bb43682025eda50333a7d5
NeoBundleLock vim-colorschemes fd8f122cef604330c96a6a6e434682dbdfb878c9
NeoBundleLock vim-fugitive 1a77f1c00e12e8460f39098ec3289c5433d32512
NeoBundleLock vimshell 3787e52766812d8b99a93ccdda57517bc2a0bab6
